
Microsoft Visual Studio Solution File, Format Version 12.00
# Visual Studio Version 17
VisualStudioVersion = 17.1.32319.34
MinimumVisualStudioVersion = 10.0.40219.1
Project("{2150E333-8FDC-42A3-9474-1A3956D46DE8}") = "0 - Presentation", "0 - Presentation", "{7CDE3929-DB94-465F-ABA5-6D11798FE3CE}"
EndProject
Project("{FAE04EC0-301F-11D3-BF4B-00C04F79EFBC}") = "AR.Presentation", "AR.Presentation\AR.Presentation.csproj", "{01164231-CCE1-4133-A228-03C71EF792F9}"
EndProject
Global
	GlobalSection(SolutionConfigurationPlatforms) = preSolution
		Debug|Any CPU = Debug|Any CPU
		Release|Any CPU = Release|Any CPU
	EndGlobalSection
	GlobalSection(ProjectConfigurationPlatforms) = postSolution
		{01164231-CCE1-4133-A228-03C71EF792F9}.Debug|Any CPU.ActiveCfg = Debug|Any CPU
		{01164231-CCE1-4133-A228-03C71EF792F9}.Debug|Any CPU.Build.0 = Debug|Any CPU
		{01164231-CCE1-4133-A228-03C71EF792F9}.Release|Any CPU.ActiveCfg = Release|Any CPU
		{01164231-CCE1-4133-A228-03C71EF792F9}.Release|Any CPU.Build.0 = Release|Any CPU
	EndGlobalSection
	GlobalSection(SolutionProperties) = preSolution
		HideSolutionNode = FALSE
	EndGlobalSection
	GlobalSection(NestedProjects) = preSolution
		{01164231-CCE1-4133-A228-03C71EF792F9} = {7CDE3929-DB94-465F-ABA5-6D11798FE3CE}
	EndGlobalSection
	GlobalSection(ExtensibilityGlobals) = postSolution
		SolutionGuid = {07084030-E029-458B-B420-3F4490B270B1}
	EndGlobalSection
EndGlobal
